
Microsoft Visual Studio Solution File, Format Version 12.00
# Visual Studio Version 17
VisualStudioVersion = 17.2.32526.322
MinimumVisualStudioVersion = 10.0.40219.1
Project("{9A19103F-16F7-4668-BE54-9A1E7A4F7556}") = "FindE", "FindE\FindE.csproj", "{7586FB0D-45AA-46F6-B0EB-772475A12C85}"
EndProject
Global
	GlobalSection(SolutionConfigurationPlatforms) = preSolution
		Debug|Any CPU = Debug|Any CPU
		Release|Any CPU = Release|Any CPU
	EndGlobalSection
	GlobalSection(ProjectConfigurationPlatforms) = postSolution
		{7586FB0D-45AA-46F6-B0EB-772475A12C85}.Debug|Any CPU.ActiveCfg = Debug|Any CPU
		{7586FB0D-45AA-46F6-B0EB-772475A12C85}.Debug|Any CPU.Build.0 = Debug|Any CPU
		{7586FB0D-45AA-46F6-B0EB-772475A12C85}.Release|Any CPU.ActiveCfg = Release|Any CPU
		{7586FB0D-45AA-46F6-B0EB-772475A12C85}.Release|Any CPU.Build.0 = Release|Any CPU
	EndGlobalSection
	GlobalSection(SolutionProperties) = preSolution
		HideSolutionNode = FALSE
	EndGlobalSection
	GlobalSection(ExtensibilityGlobals) = postSolution
		SolutionGuid = {C5F46FA7-15AC-4E3C-BFA2-2F85D516F7C2}
	EndGlobalSection
EndGlobal
